
Microsoft Visual Studio Solution File, Format Version 12.00
# Visual Studio 15
VisualStudioVersion = 15.0.28010.2036
MinimumVisualStudioVersion = 10.0.40219.1
Project("{FAE04EC0-301F-11D3-BF4B-00C04F79EFBC}") = "GrandCircusLab1", "GrandCircusLab1\GrandCircusLab1.csproj", "{CE2C77E8-13BD-4382-A666-A9E7DB077205}"
EndProject
Global
	GlobalSection(SolutionConfigurationPlatforms) = preSolution
		Debug|Any CPU = Debug|Any CPU
		Release|Any CPU = Release|Any CPU
	EndGlobalSection
	GlobalSection(ProjectConfigurationPlatforms) = postSolution
		{CE2C77E8-13BD-4382-A666-A9E7DB077205}.Debug|Any CPU.ActiveCfg = Debug|Any CPU
		{CE2C77E8-13BD-4382-A666-A9E7DB077205}.Debug|Any CPU.Build.0 = Debug|Any CPU
		{CE2C77E8-13BD-4382-A666-A9E7DB077205}.Release|Any CPU.ActiveCfg = Release|Any CPU
		{CE2C77E8-13BD-4382-A666-A9E7DB077205}.Release|Any CPU.Build.0 = Release|Any CPU
	EndGlobalSection
	GlobalSection(SolutionProperties) = preSolution
		HideSolutionNode = FALSE
	EndGlobalSection
	GlobalSection(ExtensibilityGlobals) = postSolution
		SolutionGuid = {614C90AD-ACB9-414B-B0B8-A7BD76537D0A}
	EndGlobalSection
EndGlobal
